
Microsoft Visual Studio Solution File, Format Version 12.00
# Visual Studio Version 16
VisualStudioVersion = 16.0.30413.136
MinimumVisualStudioVersion = 10.0.40219.1
Project("{9A19103F-16F7-4668-BE54-9A1E7A4F7556}") = "admin.professionaltranslator.net", "Admin\admin.professionaltranslator.net.csproj", "{562F01D7-8EF8-42BD-A720-A0C0BDA0F222}"
EndProject
Project("{9A19103F-16F7-4668-BE54-9A1E7A4F7556}") = "XUnitTest", "XUnitTest\XUnitTest.csproj", "{F0C97F3B-37DB-439D-8F20-8CDBA1212EC3}"
EndProject
Project("{9A19103F-16F7-4668-BE54-9A1E7A4F7556}") = "professionaltranslator.net.models", "Models\professionaltranslator.net.models.csproj", "{09124554-FD5D-411E-896C-8DEE7D9F063F}"
EndProject
Project("{9A19103F-16F7-4668-BE54-9A1E7A4F7556}") = "professionaltranslator.net.repository", "Repository\professionaltranslator.net.repository.csproj", "{9D844ABD-A25D-4175-BCC6-1D50FC3721DD}"
EndProject
Project("{FAE04EC0-301F-11D3-BF4B-00C04F79EFBC}") = "www.professionaltranslator.net", "Website\www.professionaltranslator.net.csproj", "{5F20B3E4-4F2B-4251-825A-31E7B40F6FD2}"
EndProject
Global
	GlobalSection(SolutionConfigurationPlatforms) = preSolution
		Debug|Any CPU = Debug|Any CPU
		Release|Any CPU = Release|Any CPU
	EndGlobalSection
	GlobalSection(ProjectConfigurationPlatforms) = postSolution
		{562F01D7-8EF8-42BD-A720-A0C0BDA0F222}.Debug|Any CPU.ActiveCfg = Debug|Any CPU
		{562F01D7-8EF8-42BD-A720-A0C0BDA0F222}.Debug|Any CPU.Build.0 = Debug|Any CPU
		{562F01D7-8EF8-42BD-A720-A0C0BDA0F222}.Release|Any CPU.ActiveCfg = Release|Any CPU
		{562F01D7-8EF8-42BD-A720-A0C0BDA0F222}.Release|Any CPU.Build.0 = Release|Any CPU
		{F0C97F3B-37DB-439D-8F20-8CDBA1212EC3}.Debug|Any CPU.ActiveCfg = Debug|Any CPU
		{F0C97F3B-37DB-439D-8F20-8CDBA1212EC3}.Debug|Any CPU.Build.0 = Debug|Any CPU
		{F0C97F3B-37DB-439D-8F20-8CDBA1212EC3}.Release|Any CPU.ActiveCfg = Release|Any CPU
		{F0C97F3B-37DB-439D-8F20-8CDBA1212EC3}.Release|Any CPU.Build.0 = Release|Any CPU
		{09124554-FD5D-411E-896C-8DEE7D9F063F}.Debug|Any CPU.ActiveCfg = Debug|Any CPU
		{09124554-FD5D-411E-896C-8DEE7D9F063F}.Debug|Any CPU.Build.0 = Debug|Any CPU
		{09124554-FD5D-411E-896C-8DEE7D9F063F}.Release|Any CPU.ActiveCfg = Release|Any CPU
		{09124554-FD5D-411E-896C-8DEE7D9F063F}.Release|Any CPU.Build.0 = Release|Any CPU
		{9D844ABD-A25D-4175-BCC6-1D50FC3721DD}.Debug|Any CPU.ActiveCfg = Debug|Any CPU
		{9D844ABD-A25D-4175-BCC6-1D50FC3721DD}.Debug|Any CPU.Build.0 = Debug|Any CPU
		{9D844ABD-A25D-4175-BCC6-1D50FC3721DD}.Release|Any CPU.ActiveCfg = Release|Any CPU
		{9D844ABD-A25D-4175-BCC6-1D50FC3721DD}.Release|Any CPU.Build.0 = Release|Any CPU
		{5F20B3E4-4F2B-4251-825A-31E7B40F6FD2}.Debug|Any CPU.ActiveCfg = Debug|Any CPU
		{5F20B3E4-4F2B-4251-825A-31E7B40F6FD2}.Debug|Any CPU.Build.0 = Debug|Any CPU
		{5F20B3E4-4F2B-4251-825A-31E7B40F6FD2}.Release|Any CPU.ActiveCfg = Release|Any CPU
		{5F20B3E4-4F2B-4251-825A-31E7B40F6FD2}.Release|Any CPU.Build.0 = Release|Any CPU
	EndGlobalSection
	GlobalSection(SolutionProperties) = preSolution
		HideSolutionNode = FALSE
	EndGlobalSection
	GlobalSection(ExtensibilityGlobals) = postSolution
		SolutionGuid = {1870746E-C21C-466D-BDFD-F95A31A06E66}
	EndGlobalSection
EndGlobal
